{
  "version": 4,
  "terraform_version": "1.0.7",
  "serial": 287,
  "lineage": "d3c86ad9-2d5b-1f30-eb6c-12e928815ee2",
  "outputs": {},
  "resources": [
    {
      "mode": "managed",
      "type": "openstack_compute_instance_v2",
      "name": "instance_1",
      "provider": "provider[\"registry.terraform.io/terraform-provider-openstack/openstack\"]",
      "instances": [
        {
          "schema_version": 0,
          "attributes": {
            "access_ip_v4": "192.168.6.50",
            "access_ip_v6": "",
            "admin_pass": null,
            "all_metadata": {},
            "all_tags": [],
            "availability_zone": "sto2",
            "availability_zone_hints": null,
            "block_device": [],
            "config_drive": null,
            "flavor_id": "7a6a998f-ac7f-4fb8-a534-2175b254f75e",
            "flavor_name": "v1-mini-1",
            "floating_ip": null,
            "force_delete": false,
            "id": "b0af743c-06ab-414c-931b-4d830d6c2bd6",
            "image_id": "bbf26e02-ba0c-4086-8df3-d169687d7393",
            "image_name": "ubuntu-20.04-server-latest",
            "key_pair": "nisseburk",
            "metadata": null,
            "name": "VmServer1",
            "network": [
              {
                "access_network": false,
                "fixed_ip_v4": "192.168.6.50",
                "fixed_ip_v6": "",
                "floating_ip": "",
                "mac": "fa:16:3e:76:53:22",
                "name": "SAN 1",
                "port": "db487de8-70b6-476d-ab38-6856b1cc32bc",
                "uuid": "add8b0fd-9083-4d12-adbe-1d6bc8ccb667"
              }
            ],
            "network_mode": null,
            "personality": [],
            "power_state": "active",
            "region": "se-sto",
            "scheduler_hints": [],
            "security_groups": [
              "TerraformSG",
              "TerraformSSH",
              "default"
            ],
            "stop_before_destroy": false,
            "tags": [],
            "timeouts": null,
            "user_data": "85e15781177686d48502ebe41c6a9cddc7665f1b",
            "vendor_options": [],
            "volume": []
          },
          "sensitive_attributes": [],
          "private": "eyJlMmJmYjczMC1lY2FhLTExZTYtOGY4OC0zNDM2M2JjN2M0YzAiOnsiY3JlYXRlIjoxODAwMDAwMDAwMDAwLCJkZWxldGUiOjE4MDAwMDAwMDAwMDAsInVwZGF0ZSI6MTgwMDAwMDAwMDAwMH19",
          "dependencies": [
            "openstack_compute_secgroup_v2.secgroup_1",
            "openstack_compute_secgroup_v2.secgroup_2",
            "openstack_networking_port_v2.port_1"
          ]
        }
      ]
    },
    {
      "mode": "managed",
      "type": "openstack_compute_instance_v2",
      "name": "instance_2",
      "provider": "provider[\"registry.terraform.io/terraform-provider-openstack/openstack\"]",
      "instances": [
        {
          "schema_version": 0,
          "attributes": {
            "access_ip_v4": "192.168.6.51",
            "access_ip_v6": "",
            "admin_pass": null,
            "all_metadata": {},
            "all_tags": [],
            "availability_zone": "sto2",
            "availability_zone_hints": null,
            "block_device": [],
            "config_drive": null,
            "flavor_id": "7a6a998f-ac7f-4fb8-a534-2175b254f75e",
            "flavor_name": "v1-mini-1",
            "floating_ip": null,
            "force_delete": false,
            "id": "503a49c6-9ffe-4b41-8975-0f7ce91b0038",
            "image_id": "bbf26e02-ba0c-4086-8df3-d169687d7393",
            "image_name": "ubuntu-20.04-server-latest",
            "key_pair": "nisseburk",
            "metadata": null,
            "name": "DbServer1",
            "network": [
              {
                "access_network": false,
                "fixed_ip_v4": "192.168.6.51",
                "fixed_ip_v6": "",
                "floating_ip": "",
                "mac": "fa:16:3e:c4:58:2f",
                "name": "SAN 1",
                "port": "a657cbba-cf1d-4c58-ad2c-2af6e9b43e85",
                "uuid": "add8b0fd-9083-4d12-adbe-1d6bc8ccb667"
              }
            ],
            "network_mode": null,
            "personality": [],
            "power_state": "active",
            "region": "se-sto",
            "scheduler_hints": [],
            "security_groups": [
              "TerraformSG",
              "TerraformSSH",
              "default"
            ],
            "stop_before_destroy": false,
            "tags": [],
            "timeouts": null,
            "user_data": "85e15781177686d48502ebe41c6a9cddc7665f1b",
            "vendor_options": [],
            "volume": []
          },
          "sensitive_attributes": [],
          "private": "eyJlMmJmYjczMC1lY2FhLTExZTYtOGY4OC0zNDM2M2JjN2M0YzAiOnsiY3JlYXRlIjoxODAwMDAwMDAwMDAwLCJkZWxldGUiOjE4MDAwMDAwMDAwMDAsInVwZGF0ZSI6MTgwMDAwMDAwMDAwMH19",
          "dependencies": [
            "openstack_compute_secgroup_v2.secgroup_1",
            "openstack_compute_secgroup_v2.secgroup_2",
            "openstack_networking_port_v2.port_2"
          ]
        }
      ]
    },
    {
      "mode": "managed",
      "type": "openstack_compute_instance_v2",
      "name": "instance_3",
      "provider": "provider[\"registry.terraform.io/terraform-provider-openstack/openstack\"]",
      "instances": [
        {
          "schema_version": 0,
          "attributes": {
            "access_ip_v4": "192.168.6.52",
            "access_ip_v6": "",
            "admin_pass": null,
            "all_metadata": {},
            "all_tags": [],
            "availability_zone": "sto1",
            "availability_zone_hints": null,
            "block_device": [],
            "config_drive": null,
            "flavor_id": "7a6a998f-ac7f-4fb8-a534-2175b254f75e",
            "flavor_name": "v1-mini-1",
            "floating_ip": null,
            "force_delete": false,
            "id": "cbb4370a-d87d-402c-95b8-75af78099165",
            "image_id": "bbf26e02-ba0c-4086-8df3-d169687d7393",
            "image_name": "ubuntu-20.04-server-latest",
            "key_pair": "nisseburk",
            "metadata": null,
            "name": "FileServer1",
            "network": [
              {
                "access_network": false,
                "fixed_ip_v4": "192.168.6.52",
                "fixed_ip_v6": "",
                "floating_ip": "",
                "mac": "fa:16:3e:4f:f7:14",
                "name": "SAN 1",
                "port": "b6054884-dacf-4438-a21a-12a065d71e6b",
                "uuid": "add8b0fd-9083-4d12-adbe-1d6bc8ccb667"
              }
            ],
            "network_mode": null,
            "personality": [],
            "power_state": "active",
            "region": "se-sto",
            "scheduler_hints": [],
            "security_groups": [
              "TerraformSG",
              "TerraformSSH",
              "default"
            ],
            "stop_before_destroy": false,
            "tags": [],
            "timeouts": null,
            "user_data": "85e15781177686d48502ebe41c6a9cddc7665f1b",
            "vendor_options": [],
            "volume": []
          },
          "sensitive_attributes": [],
          "private": "eyJlMmJmYjczMC1lY2FhLTExZTYtOGY4OC0zNDM2M2JjN2M0YzAiOnsiY3JlYXRlIjoxODAwMDAwMDAwMDAwLCJkZWxldGUiOjE4MDAwMDAwMDAwMDAsInVwZGF0ZSI6MTgwMDAwMDAwMDAwMH19",
          "dependencies": [
            "openstack_compute_secgroup_v2.secgroup_1",
            "openstack_compute_secgroup_v2.secgroup_2",
            "openstack_networking_port_v2.port_3"
          ]
        }
      ]
    },
    {
      "mode": "managed",
      "type": "openstack_compute_instance_v2",
      "name": "instance_4",
      "provider": "provider[\"registry.terraform.io/terraform-provider-openstack/openstack\"]",
      "instances": [
        {
          "schema_version": 0,
          "attributes": {
            "access_ip_v4": "192.168.7.50",
            "access_ip_v6": "",
            "admin_pass": null,
            "all_metadata": {},
            "all_tags": [],
            "availability_zone": "sto2",
            "availability_zone_hints": null,
            "block_device": [],
            "config_drive": null,
            "flavor_id": "7a6a998f-ac7f-4fb8-a534-2175b254f75e",
            "flavor_name": "v1-mini-1",
            "floating_ip": null,
            "force_delete": false,
            "id": "72ccc090-6b1a-4614-88b6-65d0dc475ec4",
            "image_id": "bbf26e02-ba0c-4086-8df3-d169687d7393",
            "image_name": "ubuntu-20.04-server-latest",
            "key_pair": "nisseburk",
            "metadata": null,
            "name": "VmServer2",
            "network": [
              {
                "access_network": false,
                "fixed_ip_v4": "192.168.7.50",
                "fixed_ip_v6": "",
                "floating_ip": "",
                "mac": "fa:16:3e:9f:d2:a7",
                "name": "SAN 2",
                "port": "c3c1938b-5617-4059-ab5a-6a97848e21d6",
                "uuid": "cbad6aa8-8622-446d-8889-f7349c0c239d"
              }
            ],
            "network_mode": null,
            "personality": [],
            "power_state": "active",
            "region": "se-sto",
            "scheduler_hints": [],
            "security_groups": [
              "TerraformSG",
              "TerraformSSH",
              "default"
            ],
            "stop_before_destroy": false,
            "tags": [],
            "timeouts": null,
            "user_data": "85e15781177686d48502ebe41c6a9cddc7665f1b",
            "vendor_options": [],
            "volume": []
          },
          "sensitive_attributes": [],
          "private": "eyJlMmJmYjczMC1lY2FhLTExZTYtOGY4OC0zNDM2M2JjN2M0YzAiOnsiY3JlYXRlIjoxODAwMDAwMDAwMDAwLCJkZWxldGUiOjE4MDAwMDAwMDAwMDAsInVwZGF0ZSI6MTgwMDAwMDAwMDAwMH19",
          "dependencies": [
            "openstack_compute_secgroup_v2.secgroup_1",
            "openstack_compute_secgroup_v2.secgroup_2",
            "openstack_networking_port_v2.port_4"
          ]
        }
      ]
    },
    {
      "mode": "managed",
      "type": "openstack_compute_instance_v2",
      "name": "instance_5",
      "provider": "provider[\"registry.terraform.io/terraform-provider-openstack/openstack\"]",
      "instances": [
        {
          "schema_version": 0,
          "attributes": {
            "access_ip_v4": "192.168.7.51",
            "access_ip_v6": "",
            "admin_pass": null,
            "all_metadata": {},
            "all_tags": [],
            "availability_zone": "sto2",
            "availability_zone_hints": null,
            "block_device": [],
            "config_drive": null,
            "flavor_id": "7a6a998f-ac7f-4fb8-a534-2175b254f75e",
            "flavor_name": "v1-mini-1",
            "floating_ip": null,
            "force_delete": false,
            "id": "1316b471-48f6-4d23-a5e8-9110a46c74d6",
            "image_id": "bbf26e02-ba0c-4086-8df3-d169687d7393",
            "image_name": "ubuntu-20.04-server-latest",
            "key_pair": "nisseburk",
            "metadata": null,
            "name": "DbServer2",
            "network": [
              {
                "access_network": false,
                "fixed_ip_v4": "192.168.7.51",
                "fixed_ip_v6": "",
                "floating_ip": "",
                "mac": "fa:16:3e:e8:2b:dd",
                "name": "SAN 2",
                "port": "5f887cda-1479-4cc6-9f3d-481f4be29876",
                "uuid": "cbad6aa8-8622-446d-8889-f7349c0c239d"
              }
            ],
            "network_mode": null,
            "personality": [],
            "power_state": "active",
            "region": "se-sto",
            "scheduler_hints": [],
            "security_groups": [
              "TerraformSG",
              "TerraformSSH",
              "default"
            ],
            "stop_before_destroy": false,
            "tags": [],
            "timeouts": null,
            "user_data": "85e15781177686d48502ebe41c6a9cddc7665f1b",
            "vendor_options": [],
            "volume": []
          },
          "sensitive_attributes": [],
          "private": "eyJlMmJmYjczMC1lY2FhLTExZTYtOGY4OC0zNDM2M2JjN2M0YzAiOnsiY3JlYXRlIjoxODAwMDAwMDAwMDAwLCJkZWxldGUiOjE4MDAwMDAwMDAwMDAsInVwZGF0ZSI6MTgwMDAwMDAwMDAwMH19",
          "dependencies": [
            "openstack_compute_secgroup_v2.secgroup_1",
            "openstack_compute_secgroup_v2.secgroup_2",
            "openstack_networking_port_v2.port_5"
          ]
        }
      ]
    },
    {
      "mode": "managed",
      "type": "openstack_compute_instance_v2",
      "name": "instance_6",
      "provider": "provider[\"registry.terraform.io/terraform-provider-openstack/openstack\"]",
      "instances": [
        {
          "schema_version": 0,
          "attributes": {
            "access_ip_v4": "192.168.7.52",
            "access_ip_v6": "",
            "admin_pass": null,
            "all_metadata": {},
            "all_tags": [],
            "availability_zone": "sto1",
            "availability_zone_hints": null,
            "block_device": [],
            "config_drive": null,
            "flavor_id": "7a6a998f-ac7f-4fb8-a534-2175b254f75e",
            "flavor_name": "v1-mini-1",
            "floating_ip": null,
            "force_delete": false,
            "id": "b538579d-dd3e-4ba6-8e8c-94d1352e9fa9",
            "image_id": "bbf26e02-ba0c-4086-8df3-d169687d7393",
            "image_name": "ubuntu-20.04-server-latest",
            "key_pair": "nisseburk",
            "metadata": null,
            "name": "FileServer2",
            "network": [
              {
                "access_network": false,
                "fixed_ip_v4": "192.168.7.52",
                "fixed_ip_v6": "",
                "floating_ip": "",
                "mac": "fa:16:3e:06:b9:1c",
                "name": "SAN 2",
                "port": "d0711083-f432-4f93-bc4d-15e82790f33e",
                "uuid": "cbad6aa8-8622-446d-8889-f7349c0c239d"
              }
            ],
            "network_mode": null,
            "personality": [],
            "power_state": "active",
            "region": "se-sto",
            "scheduler_hints": [],
            "security_groups": [
              "TerraformSG",
              "TerraformSSH",
              "default"
            ],
            "stop_before_destroy": false,
            "tags": [],
            "timeouts": null,
            "user_data": "85e15781177686d48502ebe41c6a9cddc7665f1b",
            "vendor_options": [],
            "volume": []
          },
          "sensitive_attributes": [],
          "private": "eyJlMmJmYjczMC1lY2FhLTExZTYtOGY4OC0zNDM2M2JjN2M0YzAiOnsiY3JlYXRlIjoxODAwMDAwMDAwMDAwLCJkZWxldGUiOjE4MDAwMDAwMDAwMDAsInVwZGF0ZSI6MTgwMDAwMDAwMDAwMH19",
          "dependencies": [
            "openstack_compute_secgroup_v2.secgroup_1",
            "openstack_compute_secgroup_v2.secgroup_2",
            "openstack_networking_port_v2.port_6"
          ]
        }
      ]
    },
    {
      "mode": "managed",
      "type": "openstack_compute_instance_v2",
      "name": "instance_7",
      "provider": "provider[\"registry.terraform.io/terraform-provider-openstack/openstack\"]",
      "instances": [
        {
          "schema_version": 0,
          "attributes": {
            "access_ip_v4": "192.168.5.50",
            "access_ip_v6": "",
            "admin_pass": null,
            "all_metadata": {},
            "all_tags": [],
            "availability_zone": "sto2",
            "availability_zone_hints": null,
            "block_device": [],
            "config_drive": null,
            "flavor_id": "7a6a998f-ac7f-4fb8-a534-2175b254f75e",
            "flavor_name": "v1-mini-1",
            "floating_ip": null,
            "force_delete": false,
            "id": "98ffa76e-3afe-494d-8fc9-feb4e417573c",
            "image_id": "bbf26e02-ba0c-4086-8df3-d169687d7393",
            "image_name": "ubuntu-20.04-server-latest",
            "key_pair": "nisseburk",
            "metadata": null,
            "name": "NAS",
            "network": [
              {
                "access_network": false,
                "fixed_ip_v4": "192.168.5.50",
                "fixed_ip_v6": "",
                "floating_ip": "",
                "mac": "fa:16:3e:b3:0c:7d",
                "name": "IT-admin",
                "port": "921d6b81-0a0b-4efa-b57d-021bd34e4a89",
                "uuid": "99fc3f58-905e-4e0a-bcce-2d9b5d2d82d7"
              }
            ],
            "network_mode": null,
            "personality": [],
            "power_state": "active",
            "region": "se-sto",
            "scheduler_hints": [],
            "security_groups": [
              "TerraformSG",
              "TerraformSSH",
              "default"
            ],
            "stop_before_destroy": false,
            "tags": [],
            "timeouts": null,
            "user_data": "85e15781177686d48502ebe41c6a9cddc7665f1b",
            "vendor_options": [],
            "volume": []
          },
          "sensitive_attributes": [],
          "private": "eyJlMmJmYjczMC1lY2FhLTExZTYtOGY4OC0zNDM2M2JjN2M0YzAiOnsiY3JlYXRlIjoxODAwMDAwMDAwMDAwLCJkZWxldGUiOjE4MDAwMDAwMDAwMDAsInVwZGF0ZSI6MTgwMDAwMDAwMDAwMH19",
          "dependencies": [
            "openstack_compute_secgroup_v2.secgroup_1",
            "openstack_compute_secgroup_v2.secgroup_2",
            "openstack_networking_port_v2.port_7"
          ]
        }
      ]
    },
    {
      "mode": "managed",
      "type": "openstack_compute_instance_v2",
      "name": "instance_8",
      "provider": "provider[\"registry.terraform.io/terraform-provider-openstack/openstack\"]",
      "instances": [
        {
          "schema_version": 0,
          "attributes": {
            "access_ip_v4": "192.168.1.50",
            "access_ip_v6": "",
            "admin_pass": null,
            "all_metadata": {},
            "all_tags": [],
            "availability_zone": "sto2",
            "availability_zone_hints": null,
            "block_device": [],
            "config_drive": null,
            "flavor_id": "7a6a998f-ac7f-4fb8-a534-2175b254f75e",
            "flavor_name": "v1-mini-1",
            "floating_ip": null,
            "force_delete": false,
            "id": "99ccbfb5-87b0-40cc-8ee7-6c9de221118c",
            "image_id": "bbf26e02-ba0c-4086-8df3-d169687d7393",
            "image_name": "ubuntu-20.04-server-latest",
            "key_pair": "nisseburk",
            "metadata": null,
            "name": "Web",
            "network": [
              {
                "access_network": false,
                "fixed_ip_v4": "192.168.1.50",
                "fixed_ip_v6": "",
                "floating_ip": "",
                "mac": "fa:16:3e:6c:6e:3a",
                "name": "DMZ",
                "port": "b1204651-94dc-4816-a191-efcc867bae81",
                "uuid": "a7ac30d1-f27a-4fae-97af-9d7a09abe62e"
              }
            ],
            "network_mode": null,
            "personality": [],
            "power_state": "active",
            "region": "se-sto",
            "scheduler_hints": [],
            "security_groups": [
              "TerraformSG",
              "TerraformSSH",
              "default"
            ],
            "stop_before_destroy": false,
            "tags": [],
            "timeouts": null,
            "user_data": "85e15781177686d48502ebe41c6a9cddc7665f1b",
            "vendor_options": [],
            "volume": []
          },
          "sensitive_attributes": [],
          "private": "eyJlMmJmYjczMC1lY2FhLTExZTYtOGY4OC0zNDM2M2JjN2M0YzAiOnsiY3JlYXRlIjoxODAwMDAwMDAwMDAwLCJkZWxldGUiOjE4MDAwMDAwMDAwMDAsInVwZGF0ZSI6MTgwMDAwMDAwMDAwMH19",
          "dependencies": [
            "openstack_compute_secgroup_v2.secgroup_1",
            "openstack_compute_secgroup_v2.secgroup_2",
            "openstack_networking_port_v2.port_8"
          ]
        }
      ]
    },
    {
      "mode": "managed",
      "type": "openstack_compute_secgroup_v2",
      "name": "secgroup_1",
      "provider": "provider[\"registry.terraform.io/terraform-provider-openstack/openstack\"]",
      "instances": [
        {
          "schema_version": 0,
          "attributes": {
            "description": "Terraform SG for Port 80 and 443",
            "id": "b908abcb-1df7-438b-b61a-afcf0a29e288",
            "name": "TerraformSG",
            "region": "se-sto",
            "rule": [
              {
                "cidr": "0.0.0.0/0",
                "from_group_id": "",
                "from_port": 443,
                "id": "252435cb-2785-4e44-92fc-b227901482dc",
                "ip_protocol": "tcp",
                "self": false,
                "to_port": 443
              },
              {
                "cidr": "0.0.0.0/0",
                "from_group_id": "",
                "from_port": 80,
                "id": "d539b542-441f-4dc8-9751-beba60f12aec",
                "ip_protocol": "tcp",
                "self": false,
                "to_port": 80
              }
            ],
            "timeouts": null
          },
          "sensitive_attributes": [],
          "private": "eyJlMmJmYjczMC1lY2FhLTExZTYtOGY4OC0zNDM2M2JjN2M0YzAiOnsiZGVsZXRlIjo2MDAwMDAwMDAwMDB9fQ=="
        }
      ]
    },
    {
      "mode": "managed",
      "type": "openstack_compute_secgroup_v2",
      "name": "secgroup_2",
      "provider": "provider[\"registry.terraform.io/terraform-provider-openstack/openstack\"]",
      "instances": [
        {
          "schema_version": 0,
          "attributes": {
            "description": "Terraform SH for Port 22",
            "id": "ffff41ce-444c-4330-b8c8-c218e4bc66d8",
            "name": "TerraformSSH",
            "region": "se-sto",
            "rule": [
              {
                "cidr": "0.0.0.0/0",
                "from_group_id": "",
                "from_port": 22,
                "id": "3e0a762e-8f2f-4e25-b0af-8e85f7735ea4",
                "ip_protocol": "tcp",
                "self": false,
                "to_port": 22
              }
            ],
            "timeouts": null
          },
          "sensitive_attributes": [],
          "private": "eyJlMmJmYjczMC1lY2FhLTExZTYtOGY4OC0zNDM2M2JjN2M0YzAiOnsiZGVsZXRlIjo2MDAwMDAwMDAwMDB9fQ=="
        }
      ]
    },
    {
      "mode": "managed",
      "type": "openstack_networking_floatingip_associate_v2",
      "name": "fip_1",
      "provider": "provider[\"registry.terraform.io/terraform-provider-openstack/openstack\"]",
      "instances": [
        {
          "schema_version": 0,
          "attributes": {
            "fixed_ip": "192.168.6.50",
            "floating_ip": "91.197.41.57",
            "id": "f94f72ef-a1bf-43c6-9cda-91af3433e28e",
            "port_id": "db487de8-70b6-476d-ab38-6856b1cc32bc",
            "region": "se-sto"
          },
          "sensitive_attributes": [],
          "private": "bnVsbA==",
          "dependencies": [
            "openstack_networking_floatingip_v2.floatip_1",
            "openstack_networking_network_v2.network_6",
            "openstack_networking_port_v2.port_1",
            "openstack_networking_subnet_v2.subnet_6",
            "openstack_compute_secgroup_v2.secgroup_1"
          ]
        }
      ]
    },
    {
      "mode": "managed",
      "type": "openstack_networking_floatingip_v2",
      "name": "floatip_1",
      "provider": "provider[\"registry.terraform.io/terraform-provider-openstack/openstack\"]",
      "instances": [
        {
          "schema_version": 0,
          "attributes": {
            "address": "91.197.41.57",
            "all_tags": [],
            "description": "",
            "dns_domain": "",
            "dns_name": "",
            "fixed_ip": "192.168.6.50",
            "id": "f94f72ef-a1bf-43c6-9cda-91af3433e28e",
            "pool": "elx-public1",
            "port_id": "db487de8-70b6-476d-ab38-6856b1cc32bc",
            "region": "se-sto",
            "subnet_id": null,
            "tags": [],
            "tenant_id": "f0148917c1014a86857e36b76cfeddfe",
            "timeouts": null,
            "value_specs": null
          },
          "sensitive_attributes": [],
          "private": "eyJlMmJmYjczMC1lY2FhLTExZTYtOGY4OC0zNDM2M2JjN2M0YzAiOnsiY3JlYXRlIjo2MDAwMDAwMDAwMDAsImRlbGV0ZSI6NjAwMDAwMDAwMDAwfX0="
        }
      ]
    },
    {
      "mode": "managed",
      "type": "openstack_networking_network_v2",
      "name": "network_1",
      "provider": "provider[\"registry.terraform.io/terraform-provider-openstack/openstack\"]",
      "instances": [
        {
          "schema_version": 0,
          "attributes": {
            "admin_state_up": true,
            "all_tags": [],
            "availability_zone_hints": [],
            "description": "",
            "dns_domain": "",
            "external": false,
            "id": "a7ac30d1-f27a-4fae-97af-9d7a09abe62e",
            "mtu": 1500,
            "name": "DMZ",
            "port_security_enabled": false,
            "qos_policy_id": "",
            "region": "se-sto",
            "segments": [],
            "shared": false,
            "tags": [],
            "tenant_id": "f0148917c1014a86857e36b76cfeddfe",
            "timeouts": null,
            "transparent_vlan": false,
            "value_specs": null
          },
          "sensitive_attributes": [],
          "private": "eyJlMmJmYjczMC1lY2FhLTExZTYtOGY4OC0zNDM2M2JjN2M0YzAiOnsiY3JlYXRlIjo2MDAwMDAwMDAwMDAsImRlbGV0ZSI6NjAwMDAwMDAwMDAwfX0="
        }
      ]
    },
    {
      "mode": "managed",
      "type": "openstack_networking_network_v2",
      "name": "network_2",
      "provider": "provider[\"registry.terraform.io/terraform-provider-openstack/openstack\"]",
      "instances": [
        {
          "schema_version": 0,
          "attributes": {
            "admin_state_up": true,
            "all_tags": [],
            "availability_zone_hints": [],
            "description": "",
            "dns_domain": "",
            "external": false,
            "id": "1ce6b565-6c09-4a99-9b53-1b40ea12a372",
            "mtu": 1500,
            "name": "Film/foto",
            "port_security_enabled": false,
            "qos_policy_id": "",
            "region": "se-sto",
            "segments": [],
            "shared": false,
            "tags": [],
            "tenant_id": "f0148917c1014a86857e36b76cfeddfe",
            "timeouts": null,
            "transparent_vlan": false,
            "value_specs": null
          },
          "sensitive_attributes": [],
          "private": "eyJlMmJmYjczMC1lY2FhLTExZTYtOGY4OC0zNDM2M2JjN2M0YzAiOnsiY3JlYXRlIjo2MDAwMDAwMDAwMDAsImRlbGV0ZSI6NjAwMDAwMDAwMDAwfX0="
        }
      ]
    },
    {
      "mode": "managed",
      "type": "openstack_networking_network_v2",
      "name": "network_3",
      "provider": "provider[\"registry.terraform.io/terraform-provider-openstack/openstack\"]",
      "instances": [
        {
          "schema_version": 0,
          "attributes": {
            "admin_state_up": true,
            "all_tags": [],
            "availability_zone_hints": [],
            "description": "",
            "dns_domain": "",
            "external": false,
            "id": "2c3d1db8-0be9-4626-b476-3c69d0a598b9",
            "mtu": 1500,
            "name": "HR/ekonomi",
            "port_security_enabled": false,
            "qos_policy_id": "",
            "region": "se-sto",
            "segments": [],
            "shared": false,
            "tags": [],
            "tenant_id": "f0148917c1014a86857e36b76cfeddfe",
            "timeouts": null,
            "transparent_vlan": false,
            "value_specs": null
          },
          "sensitive_attributes": [],
          "private": "eyJlMmJmYjczMC1lY2FhLTExZTYtOGY4OC0zNDM2M2JjN2M0YzAiOnsiY3JlYXRlIjo2MDAwMDAwMDAwMDAsImRlbGV0ZSI6NjAwMDAwMDAwMDAwfX0="
        }
      ]
    },
    {
      "mode": "managed",
      "type": "openstack_networking_network_v2",
      "name": "network_4",
      "provider": "provider[\"registry.terraform.io/terraform-provider-openstack/openstack\"]",
      "instances": [
        {
          "schema_version": 0,
          "attributes": {
            "admin_state_up": true,
            "all_tags": [],
            "availability_zone_hints": [],
            "description": "",
            "dns_domain": "",
            "external": false,
            "id": "e2aab282-6b65-452e-bb16-142a003986a9",
            "mtu": 1500,
            "name": "R\u0026D",
            "port_security_enabled": false,
            "qos_policy_id": "",
            "region": "se-sto",
            "segments": [],
            "shared": false,
            "tags": [],
            "tenant_id": "f0148917c1014a86857e36b76cfeddfe",
            "timeouts": null,
            "transparent_vlan": false,
            "value_specs": null
          },
          "sensitive_attributes": [],
          "private": "eyJlMmJmYjczMC1lY2FhLTExZTYtOGY4OC0zNDM2M2JjN2M0YzAiOnsiY3JlYXRlIjo2MDAwMDAwMDAwMDAsImRlbGV0ZSI6NjAwMDAwMDAwMDAwfX0="
        }
      ]
    },
    {
      "mode": "managed",
      "type": "openstack_networking_network_v2",
      "name": "network_5",
      "provider": "provider[\"registry.terraform.io/terraform-provider-openstack/openstack\"]",
      "instances": [
        {
          "schema_version": 0,
          "attributes": {
            "admin_state_up": true,
            "all_tags": [],
            "availability_zone_hints": [],
            "description": "",
            "dns_domain": "",
            "external": false,
            "id": "99fc3f58-905e-4e0a-bcce-2d9b5d2d82d7",
            "mtu": 1500,
            "name": "IT-admin",
            "port_security_enabled": false,
            "qos_policy_id": "",
            "region": "se-sto",
            "segments": [],
            "shared": false,
            "tags": [],
            "tenant_id": "f0148917c1014a86857e36b76cfeddfe",
            "timeouts": null,
            "transparent_vlan": false,
            "value_specs": null
          },
          "sensitive_attributes": [],
          "private": "eyJlMmJmYjczMC1lY2FhLTExZTYtOGY4OC0zNDM2M2JjN2M0YzAiOnsiY3JlYXRlIjo2MDAwMDAwMDAwMDAsImRlbGV0ZSI6NjAwMDAwMDAwMDAwfX0="
        }
      ]
    },
    {
      "mode": "managed",
      "type": "openstack_networking_network_v2",
      "name": "network_6",
      "provider": "provider[\"registry.terraform.io/terraform-provider-openstack/openstack\"]",
      "instances": [
        {
          "schema_version": 0,
          "attributes": {
            "admin_state_up": true,
            "all_tags": [],
            "availability_zone_hints": [],
            "description": "",
            "dns_domain": "",
            "external": false,
            "id": "add8b0fd-9083-4d12-adbe-1d6bc8ccb667",
            "mtu": 1500,
            "name": "SAN 1",
            "port_security_enabled": false,
            "qos_policy_id": "",
            "region": "se-sto",
            "segments": [],
            "shared": false,
            "tags": [],
            "tenant_id": "f0148917c1014a86857e36b76cfeddfe",
            "timeouts": null,
            "transparent_vlan": false,
            "value_specs": null
          },
          "sensitive_attributes": [],
          "private": "eyJlMmJmYjczMC1lY2FhLTExZTYtOGY4OC0zNDM2M2JjN2M0YzAiOnsiY3JlYXRlIjo2MDAwMDAwMDAwMDAsImRlbGV0ZSI6NjAwMDAwMDAwMDAwfX0="
        }
      ]
    },
    {
      "mode": "managed",
      "type": "openstack_networking_network_v2",
      "name": "network_7",
      "provider": "provider[\"registry.terraform.io/terraform-provider-openstack/openstack\"]",
      "instances": [
        {
          "schema_version": 0,
          "attributes": {
            "admin_state_up": true,
            "all_tags": [],
            "availability_zone_hints": [],
            "description": "",
            "dns_domain": "",
            "external": false,
            "id": "cbad6aa8-8622-446d-8889-f7349c0c239d",
            "mtu": 1500,
            "name": "SAN 2",
            "port_security_enabled": false,
            "qos_policy_id": "",
            "region": "se-sto",
            "segments": [],
            "shared": false,
            "tags": [],
            "tenant_id": "f0148917c1014a86857e36b76cfeddfe",
            "timeouts": null,
            "transparent_vlan": false,
            "value_specs": null
          },
          "sensitive_attributes": [],
          "private": "eyJlMmJmYjczMC1lY2FhLTExZTYtOGY4OC0zNDM2M2JjN2M0YzAiOnsiY3JlYXRlIjo2MDAwMDAwMDAwMDAsImRlbGV0ZSI6NjAwMDAwMDAwMDAwfX0="
        }
      ]
    },
    {
      "mode": "managed",
      "type": "openstack_networking_port_v2",
      "name": "port_1",
      "provider": "provider[\"registry.terraform.io/terraform-provider-openstack/openstack\"]",
      "instances": [
        {
          "schema_version": 0,
          "attributes": {
            "admin_state_up": true,
            "all_fixed_ips": [
              "192.168.6.50"
            ],
            "all_security_group_ids": [
              "b908abcb-1df7-438b-b61a-afcf0a29e288"
            ],
            "all_tags": [],
            "allowed_address_pairs": [],
            "binding": [
              {
                "host_id": "",
                "profile": "null",
                "vif_details": {},
                "vif_type": "",
                "vnic_type": "normal"
              }
            ],
            "description": "",
            "device_id": "b0af743c-06ab-414c-931b-4d830d6c2bd6",
            "device_owner": "compute:sto2",
            "dns_assignment": [],
            "dns_name": "",
            "extra_dhcp_option": [],
            "fixed_ip": [
              {
                "ip_address": "192.168.6.50",
                "subnet_id": "c8c9f8f4-c9e1-42ec-bde9-012acb50f69b"
              }
            ],
            "id": "db487de8-70b6-476d-ab38-6856b1cc32bc",
            "mac_address": "fa:16:3e:76:53:22",
            "name": "port_1",
            "network_id": "add8b0fd-9083-4d12-adbe-1d6bc8ccb667",
            "no_fixed_ip": null,
            "no_security_groups": null,
            "port_security_enabled": false,
            "qos_policy_id": "",
            "region": "se-sto",
            "security_group_ids": [
              "b908abcb-1df7-438b-b61a-afcf0a29e288"
            ],
            "tags": [],
            "tenant_id": "f0148917c1014a86857e36b76cfeddfe",
            "timeouts": null,
            "value_specs": null
          },
          "sensitive_attributes": [],
          "private": "eyJlMmJmYjczMC1lY2FhLTExZTYtOGY4OC0zNDM2M2JjN2M0YzAiOnsiY3JlYXRlIjo2MDAwMDAwMDAwMDAsImRlbGV0ZSI6NjAwMDAwMDAwMDAwfX0=",
          "dependencies": [
            "openstack_networking_network_v2.network_6",
            "openstack_networking_subnet_v2.subnet_6",
            "openstack_compute_secgroup_v2.secgroup_1"
          ]
        }
      ]
    },
    {
      "mode": "managed",
      "type": "openstack_networking_port_v2",
      "name": "port_2",
      "provider": "provider[\"registry.terraform.io/terraform-provider-openstack/openstack\"]",
      "instances": [
        {
          "schema_version": 0,
          "attributes": {
            "admin_state_up": true,
            "all_fixed_ips": [
              "192.168.6.51"
            ],
            "all_security_group_ids": [
              "b908abcb-1df7-438b-b61a-afcf0a29e288"
            ],
            "all_tags": [],
            "allowed_address_pairs": [],
            "binding": [
              {
                "host_id": "",
                "profile": "null",
                "vif_details": {},
                "vif_type": "",
                "vnic_type": "normal"
              }
            ],
            "description": "",
            "device_id": "503a49c6-9ffe-4b41-8975-0f7ce91b0038",
            "device_owner": "compute:sto2",
            "dns_assignment": [],
            "dns_name": "",
            "extra_dhcp_option": [],
            "fixed_ip": [
              {
                "ip_address": "192.168.6.51",
                "subnet_id": "c8c9f8f4-c9e1-42ec-bde9-012acb50f69b"
              }
            ],
            "id": "a657cbba-cf1d-4c58-ad2c-2af6e9b43e85",
            "mac_address": "fa:16:3e:c4:58:2f",
            "name": "port_2",
            "network_id": "add8b0fd-9083-4d12-adbe-1d6bc8ccb667",
            "no_fixed_ip": null,
            "no_security_groups": null,
            "port_security_enabled": false,
            "qos_policy_id": "",
            "region": "se-sto",
            "security_group_ids": [
              "b908abcb-1df7-438b-b61a-afcf0a29e288"
            ],
            "tags": [],
            "tenant_id": "f0148917c1014a86857e36b76cfeddfe",
            "timeouts": null,
            "value_specs": null
          },
          "sensitive_attributes": [],
          "private": "eyJlMmJmYjczMC1lY2FhLTExZTYtOGY4OC0zNDM2M2JjN2M0YzAiOnsiY3JlYXRlIjo2MDAwMDAwMDAwMDAsImRlbGV0ZSI6NjAwMDAwMDAwMDAwfX0=",
          "dependencies": [
            "openstack_compute_secgroup_v2.secgroup_1",
            "openstack_networking_network_v2.network_6",
            "openstack_networking_subnet_v2.subnet_6"
          ]
        }
      ]
    },
    {
      "mode": "managed",
      "type": "openstack_networking_port_v2",
      "name": "port_3",
      "provider": "provider[\"registry.terraform.io/terraform-provider-openstack/openstack\"]",
      "instances": [
        {
          "schema_version": 0,
          "attributes": {
            "admin_state_up": true,
            "all_fixed_ips": [
              "192.168.6.52"
            ],
            "all_security_group_ids": [
              "b908abcb-1df7-438b-b61a-afcf0a29e288"
            ],
            "all_tags": [],
            "allowed_address_pairs": [],
            "binding": [
              {
                "host_id": "",
                "profile": "null",
                "vif_details": {},
                "vif_type": "",
                "vnic_type": "normal"
              }
            ],
            "description": "",
            "device_id": "cbb4370a-d87d-402c-95b8-75af78099165",
            "device_owner": "compute:sto1",
            "dns_assignment": [],
            "dns_name": "",
            "extra_dhcp_option": [],
            "fixed_ip": [
              {
                "ip_address": "192.168.6.52",
                "subnet_id": "c8c9f8f4-c9e1-42ec-bde9-012acb50f69b"
              }
            ],
            "id": "b6054884-dacf-4438-a21a-12a065d71e6b",
            "mac_address": "fa:16:3e:4f:f7:14",
            "name": "port_3",
            "network_id": "add8b0fd-9083-4d12-adbe-1d6bc8ccb667",
            "no_fixed_ip": null,
            "no_security_groups": null,
            "port_security_enabled": false,
            "qos_policy_id": "",
            "region": "se-sto",
            "security_group_ids": [
              "b908abcb-1df7-438b-b61a-afcf0a29e288"
            ],
            "tags": [],
            "tenant_id": "f0148917c1014a86857e36b76cfeddfe",
            "timeouts": null,
            "value_specs": null
          },
          "sensitive_attributes": [],
          "private": "eyJlMmJmYjczMC1lY2FhLTExZTYtOGY4OC0zNDM2M2JjN2M0YzAiOnsiY3JlYXRlIjo2MDAwMDAwMDAwMDAsImRlbGV0ZSI6NjAwMDAwMDAwMDAwfX0=",
          "dependencies": [
            "openstack_compute_secgroup_v2.secgroup_1",
            "openstack_networking_network_v2.network_6",
            "openstack_networking_subnet_v2.subnet_6"
          ]
        }
      ]
    },
    {
      "mode": "managed",
      "type": "openstack_networking_port_v2",
      "name": "port_4",
      "provider": "provider[\"registry.terraform.io/terraform-provider-openstack/openstack\"]",
      "instances": [
        {
          "schema_version": 0,
          "attributes": {
            "admin_state_up": true,
            "all_fixed_ips": [
              "192.168.7.50"
            ],
            "all_security_group_ids": [
              "b908abcb-1df7-438b-b61a-afcf0a29e288"
            ],
            "all_tags": [],
            "allowed_address_pairs": [],
            "binding": [
              {
                "host_id": "",
                "profile": "null",
                "vif_details": {},
                "vif_type": "",
                "vnic_type": "normal"
              }
            ],
            "description": "",
            "device_id": "72ccc090-6b1a-4614-88b6-65d0dc475ec4",
            "device_owner": "compute:sto2",
            "dns_assignment": [],
            "dns_name": "",
            "extra_dhcp_option": [],
            "fixed_ip": [
              {
                "ip_address": "192.168.7.50",
                "subnet_id": "0db5ca0e-408d-464f-9747-6b68ba477981"
              }
            ],
            "id": "c3c1938b-5617-4059-ab5a-6a97848e21d6",
            "mac_address": "fa:16:3e:9f:d2:a7",
            "name": "port_4",
            "network_id": "cbad6aa8-8622-446d-8889-f7349c0c239d",
            "no_fixed_ip": null,
            "no_security_groups": null,
            "port_security_enabled": false,
            "qos_policy_id": "",
            "region": "se-sto",
            "security_group_ids": [
              "b908abcb-1df7-438b-b61a-afcf0a29e288"
            ],
            "tags": [],
            "tenant_id": "f0148917c1014a86857e36b76cfeddfe",
            "timeouts": null,
            "value_specs": null
          },
          "sensitive_attributes": [],
          "private": "eyJlMmJmYjczMC1lY2FhLTExZTYtOGY4OC0zNDM2M2JjN2M0YzAiOnsiY3JlYXRlIjo2MDAwMDAwMDAwMDAsImRlbGV0ZSI6NjAwMDAwMDAwMDAwfX0=",
          "dependencies": [
            "openstack_compute_secgroup_v2.secgroup_1",
            "openstack_networking_network_v2.network_7",
            "openstack_networking_subnet_v2.subnet_7"
          ]
        }
      ]
    },
    {
      "mode": "managed",
      "type": "openstack_networking_port_v2",
      "name": "port_5",
      "provider": "provider[\"registry.terraform.io/terraform-provider-openstack/openstack\"]",
      "instances": [
        {
          "schema_version": 0,
          "attributes": {
            "admin_state_up": true,
            "all_fixed_ips": [
              "192.168.7.51"
            ],
            "all_security_group_ids": [
              "b908abcb-1df7-438b-b61a-afcf0a29e288"
            ],
            "all_tags": [],
            "allowed_address_pairs": [],
            "binding": [
              {
                "host_id": "",
                "profile": "null",
                "vif_details": {},
                "vif_type": "",
                "vnic_type": "normal"
              }
            ],
            "description": "",
            "device_id": "1316b471-48f6-4d23-a5e8-9110a46c74d6",
            "device_owner": "compute:sto2",
            "dns_assignment": [],
            "dns_name": "",
            "extra_dhcp_option": [],
            "fixed_ip": [
              {
                "ip_address": "192.168.7.51",
                "subnet_id": "0db5ca0e-408d-464f-9747-6b68ba477981"
              }
            ],
            "id": "5f887cda-1479-4cc6-9f3d-481f4be29876",
            "mac_address": "fa:16:3e:e8:2b:dd",
            "name": "port_5",
            "network_id": "cbad6aa8-8622-446d-8889-f7349c0c239d",
            "no_fixed_ip": null,
            "no_security_groups": null,
            "port_security_enabled": false,
            "qos_policy_id": "",
            "region": "se-sto",
            "security_group_ids": [
              "b908abcb-1df7-438b-b61a-afcf0a29e288"
            ],
            "tags": [],
            "tenant_id": "f0148917c1014a86857e36b76cfeddfe",
            "timeouts": null,
            "value_specs": null
          },
          "sensitive_attributes": [],
          "private": "eyJlMmJmYjczMC1lY2FhLTExZTYtOGY4OC0zNDM2M2JjN2M0YzAiOnsiY3JlYXRlIjo2MDAwMDAwMDAwMDAsImRlbGV0ZSI6NjAwMDAwMDAwMDAwfX0=",
          "dependencies": [
            "openstack_compute_secgroup_v2.secgroup_1",
            "openstack_networking_network_v2.network_7",
            "openstack_networking_subnet_v2.subnet_7"
          ]
        }
      ]
    },
    {
      "mode": "managed",
      "type": "openstack_networking_port_v2",
      "name": "port_6",
      "provider": "provider[\"registry.terraform.io/terraform-provider-openstack/openstack\"]",
      "instances": [
        {
          "schema_version": 0,
          "attributes": {
            "admin_state_up": true,
            "all_fixed_ips": [
              "192.168.7.52"
            ],
            "all_security_group_ids": [
              "b908abcb-1df7-438b-b61a-afcf0a29e288"
            ],
            "all_tags": [],
            "allowed_address_pairs": [],
            "binding": [
              {
                "host_id": "",
                "profile": "null",
                "vif_details": {},
                "vif_type": "",
                "vnic_type": "normal"
              }
            ],
            "description": "",
            "device_id": "b538579d-dd3e-4ba6-8e8c-94d1352e9fa9",
            "device_owner": "compute:sto1",
            "dns_assignment": [],
            "dns_name": "",
            "extra_dhcp_option": [],
            "fixed_ip": [
              {
                "ip_address": "192.168.7.52",
                "subnet_id": "0db5ca0e-408d-464f-9747-6b68ba477981"
              }
            ],
            "id": "d0711083-f432-4f93-bc4d-15e82790f33e",
            "mac_address": "fa:16:3e:06:b9:1c",
            "name": "port_6",
            "network_id": "cbad6aa8-8622-446d-8889-f7349c0c239d",
            "no_fixed_ip": null,
            "no_security_groups": null,
            "port_security_enabled": false,
            "qos_policy_id": "",
            "region": "se-sto",
            "security_group_ids": [
              "b908abcb-1df7-438b-b61a-afcf0a29e288"
            ],
            "tags": [],
            "tenant_id": "f0148917c1014a86857e36b76cfeddfe",
            "timeouts": null,
            "value_specs": null
          },
          "sensitive_attributes": [],
          "private": "eyJlMmJmYjczMC1lY2FhLTExZTYtOGY4OC0zNDM2M2JjN2M0YzAiOnsiY3JlYXRlIjo2MDAwMDAwMDAwMDAsImRlbGV0ZSI6NjAwMDAwMDAwMDAwfX0=",
          "dependencies": [
            "openstack_networking_network_v2.network_7",
            "openstack_networking_subnet_v2.subnet_7",
            "openstack_compute_secgroup_v2.secgroup_1"
          ]
        }
      ]
    },
    {
      "mode": "managed",
      "type": "openstack_networking_port_v2",
      "name": "port_7",
      "provider": "provider[\"registry.terraform.io/terraform-provider-openstack/openstack\"]",
      "instances": [
        {
          "schema_version": 0,
          "attributes": {
            "admin_state_up": true,
            "all_fixed_ips": [
              "192.168.5.50"
            ],
            "all_security_group_ids": [
              "b908abcb-1df7-438b-b61a-afcf0a29e288"
            ],
            "all_tags": [],
            "allowed_address_pairs": [],
            "binding": [
              {
                "host_id": "",
                "profile": "null",
                "vif_details": {},
                "vif_type": "",
                "vnic_type": "normal"
              }
            ],
            "description": "",
            "device_id": "98ffa76e-3afe-494d-8fc9-feb4e417573c",
            "device_owner": "compute:sto2",
            "dns_assignment": [],
            "dns_name": "",
            "extra_dhcp_option": [],
            "fixed_ip": [
              {
                "ip_address": "192.168.5.50",
                "subnet_id": "051a6a15-6d9c-4031-92e3-fa44abd2fa5a"
              }
            ],
            "id": "921d6b81-0a0b-4efa-b57d-021bd34e4a89",
            "mac_address": "fa:16:3e:b3:0c:7d",
            "name": "port_7",
            "network_id": "99fc3f58-905e-4e0a-bcce-2d9b5d2d82d7",
            "no_fixed_ip": null,
            "no_security_groups": null,
            "port_security_enabled": false,
            "qos_policy_id": "",
            "region": "se-sto",
            "security_group_ids": [
              "b908abcb-1df7-438b-b61a-afcf0a29e288"
            ],
            "tags": [],
            "tenant_id": "f0148917c1014a86857e36b76cfeddfe",
            "timeouts": null,
            "value_specs": null
          },
          "sensitive_attributes": [],
          "private": "eyJlMmJmYjczMC1lY2FhLTExZTYtOGY4OC0zNDM2M2JjN2M0YzAiOnsiY3JlYXRlIjo2MDAwMDAwMDAwMDAsImRlbGV0ZSI6NjAwMDAwMDAwMDAwfX0=",
          "dependencies": [
            "openstack_networking_network_v2.network_5",
            "openstack_networking_subnet_v2.subnet_5",
            "openstack_compute_secgroup_v2.secgroup_1"
          ]
        }
      ]
    },
    {
      "mode": "managed",
      "type": "openstack_networking_port_v2",
      "name": "port_8",
      "provider": "provider[\"registry.terraform.io/terraform-provider-openstack/openstack\"]",
      "instances": [
        {
          "schema_version": 0,
          "attributes": {
            "admin_state_up": true,
            "all_fixed_ips": [
              "192.168.1.50"
            ],
            "all_security_group_ids": [
              "b908abcb-1df7-438b-b61a-afcf0a29e288"
            ],
            "all_tags": [],
            "allowed_address_pairs": [],
            "binding": [
              {
                "host_id": "",
                "profile": "null",
                "vif_details": {},
                "vif_type": "",
                "vnic_type": "normal"
              }
            ],
            "description": "",
            "device_id": "99ccbfb5-87b0-40cc-8ee7-6c9de221118c",
            "device_owner": "compute:sto2",
            "dns_assignment": [],
            "dns_name": "",
            "extra_dhcp_option": [],
            "fixed_ip": [
              {
                "ip_address": "192.168.1.50",
                "subnet_id": "0eb1d191-9377-4786-bb71-c2e05a834433"
              }
            ],
            "id": "b1204651-94dc-4816-a191-efcc867bae81",
            "mac_address": "fa:16:3e:6c:6e:3a",
            "name": "port_8",
            "network_id": "a7ac30d1-f27a-4fae-97af-9d7a09abe62e",
            "no_fixed_ip": null,
            "no_security_groups": null,
            "port_security_enabled": false,
            "qos_policy_id": "",
            "region": "se-sto",
            "security_group_ids": [
              "b908abcb-1df7-438b-b61a-afcf0a29e288"
            ],
            "tags": [],
            "tenant_id": "f0148917c1014a86857e36b76cfeddfe",
            "timeouts": null,
            "value_specs": null
          },
          "sensitive_attributes": [],
          "private": "eyJlMmJmYjczMC1lY2FhLTExZTYtOGY4OC0zNDM2M2JjN2M0YzAiOnsiY3JlYXRlIjo2MDAwMDAwMDAwMDAsImRlbGV0ZSI6NjAwMDAwMDAwMDAwfX0=",
          "dependencies": [
            "openstack_compute_secgroup_v2.secgroup_1",
            "openstack_networking_network_v2.network_1",
            "openstack_networking_subnet_v2.subnet_1"
          ]
        }
      ]
    },
    {
      "mode": "managed",
      "type": "openstack_networking_router_interface_v2",
      "name": "router_interface_1",
      "provider": "provider[\"registry.terraform.io/terraform-provider-openstack/openstack\"]",
      "instances": [
        {
          "schema_version": 0,
          "attributes": {
            "id": "e2a1e334-28ed-4803-a832-d42c7b44008f",
            "port_id": "e2a1e334-28ed-4803-a832-d42c7b44008f",
            "region": "se-sto",
            "router_id": "a44aee96-bc0c-4a6f-bf2c-e3007444428f",
            "subnet_id": "0eb1d191-9377-4786-bb71-c2e05a834433",
            "timeouts": null
          },
          "sensitive_attributes": [],
          "private": "eyJlMmJmYjczMC1lY2FhLTExZTYtOGY4OC0zNDM2M2JjN2M0YzAiOnsiY3JlYXRlIjo2MDAwMDAwMDAwMDAsImRlbGV0ZSI6NjAwMDAwMDAwMDAwfX0=",
          "dependencies": [
            "openstack_networking_network_v2.network_1",
            "openstack_networking_subnet_v2.subnet_1"
          ]
        }
      ]
    },
    {
      "mode": "managed",
      "type": "openstack_networking_router_interface_v2",
      "name": "router_interface_2",
      "provider": "provider[\"registry.terraform.io/terraform-provider-openstack/openstack\"]",
      "instances": [
        {
          "schema_version": 0,
          "attributes": {
            "id": "3570b3e1-08df-4218-bebb-6f66b023c072",
            "port_id": "3570b3e1-08df-4218-bebb-6f66b023c072",
            "region": "se-sto",
            "router_id": "a44aee96-bc0c-4a6f-bf2c-e3007444428f",
            "subnet_id": "3d4c39ab-5906-44aa-947b-2b5d030df8c0",
            "timeouts": null
          },
          "sensitive_attributes": [],
          "private": "eyJlMmJmYjczMC1lY2FhLTExZTYtOGY4OC0zNDM2M2JjN2M0YzAiOnsiY3JlYXRlIjo2MDAwMDAwMDAwMDAsImRlbGV0ZSI6NjAwMDAwMDAwMDAwfX0=",
          "dependencies": [
            "openstack_networking_network_v2.network_2",
            "openstack_networking_subnet_v2.subnet_2"
          ]
        }
      ]
    },
    {
      "mode": "managed",
      "type": "openstack_networking_router_interface_v2",
      "name": "router_interface_3",
      "provider": "provider[\"registry.terraform.io/terraform-provider-openstack/openstack\"]",
      "instances": [
        {
          "schema_version": 0,
          "attributes": {
            "id": "9f8aaeca-d6ec-4d1a-8df9-75b2b80d8dae",
            "port_id": "9f8aaeca-d6ec-4d1a-8df9-75b2b80d8dae",
            "region": "se-sto",
            "router_id": "a44aee96-bc0c-4a6f-bf2c-e3007444428f",
            "subnet_id": "314f5481-09d7-49d3-8521-6fbc0386fa3c",
            "timeouts": null
          },
          "sensitive_attributes": [],
          "private": "eyJlMmJmYjczMC1lY2FhLTExZTYtOGY4OC0zNDM2M2JjN2M0YzAiOnsiY3JlYXRlIjo2MDAwMDAwMDAwMDAsImRlbGV0ZSI6NjAwMDAwMDAwMDAwfX0=",
          "dependencies": [
            "openstack_networking_subnet_v2.subnet_3",
            "openstack_networking_network_v2.network_3"
          ]
        }
      ]
    },
    {
      "mode": "managed",
      "type": "openstack_networking_router_interface_v2",
      "name": "router_interface_4",
      "provider": "provider[\"registry.terraform.io/terraform-provider-openstack/openstack\"]",
      "instances": [
        {
          "schema_version": 0,
          "attributes": {
            "id": "5860b197-681e-4e6c-ba17-ab7c8ba002f9",
            "port_id": "5860b197-681e-4e6c-ba17-ab7c8ba002f9",
            "region": "se-sto",
            "router_id": "a44aee96-bc0c-4a6f-bf2c-e3007444428f",
            "subnet_id": "cdf496b8-a801-472b-837a-44b2b8bda26c",
            "timeouts": null
          },
          "sensitive_attributes": [],
          "private": "eyJlMmJmYjczMC1lY2FhLTExZTYtOGY4OC0zNDM2M2JjN2M0YzAiOnsiY3JlYXRlIjo2MDAwMDAwMDAwMDAsImRlbGV0ZSI6NjAwMDAwMDAwMDAwfX0=",
          "dependencies": [
            "openstack_networking_network_v2.network_4",
            "openstack_networking_subnet_v2.subnet_4"
          ]
        }
      ]
    },
    {
      "mode": "managed",
      "type": "openstack_networking_router_interface_v2",
      "name": "router_interface_5",
      "provider": "provider[\"registry.terraform.io/terraform-provider-openstack/openstack\"]",
      "instances": [
        {
          "schema_version": 0,
          "attributes": {
            "id": "15a71f11-941d-48ef-ae10-a8c809ce8b86",
            "port_id": "15a71f11-941d-48ef-ae10-a8c809ce8b86",
            "region": "se-sto",
            "router_id": "a44aee96-bc0c-4a6f-bf2c-e3007444428f",
            "subnet_id": "051a6a15-6d9c-4031-92e3-fa44abd2fa5a",
            "timeouts": null
          },
          "sensitive_attributes": [],
          "private": "eyJlMmJmYjczMC1lY2FhLTExZTYtOGY4OC0zNDM2M2JjN2M0YzAiOnsiY3JlYXRlIjo2MDAwMDAwMDAwMDAsImRlbGV0ZSI6NjAwMDAwMDAwMDAwfX0=",
          "dependencies": [
            "openstack_networking_network_v2.network_5",
            "openstack_networking_subnet_v2.subnet_5"
          ]
        }
      ]
    },
    {
      "mode": "managed",
      "type": "openstack_networking_router_interface_v2",
      "name": "router_interface_6",
      "provider": "provider[\"registry.terraform.io/terraform-provider-openstack/openstack\"]",
      "instances": [
        {
          "schema_version": 0,
          "attributes": {
            "id": "10675c45-c4c6-45d1-85d7-7735c63ebd14",
            "port_id": "10675c45-c4c6-45d1-85d7-7735c63ebd14",
            "region": "se-sto",
            "router_id": "a44aee96-bc0c-4a6f-bf2c-e3007444428f",
            "subnet_id": "c8c9f8f4-c9e1-42ec-bde9-012acb50f69b",
            "timeouts": null
          },
          "sensitive_attributes": [],
          "private": "eyJlMmJmYjczMC1lY2FhLTExZTYtOGY4OC0zNDM2M2JjN2M0YzAiOnsiY3JlYXRlIjo2MDAwMDAwMDAwMDAsImRlbGV0ZSI6NjAwMDAwMDAwMDAwfX0=",
          "dependencies": [
            "openstack_networking_subnet_v2.subnet_6",
            "openstack_networking_network_v2.network_6"
          ]
        }
      ]
    },
    {
      "mode": "managed",
      "type": "openstack_networking_router_interface_v2",
      "name": "router_interface_7",
      "provider": "provider[\"registry.terraform.io/terraform-provider-openstack/openstack\"]",
      "instances": [
        {
          "schema_version": 0,
          "attributes": {
            "id": "a4cc4542-046e-4b8a-bffc-ad2f728d784d",
            "port_id": "a4cc4542-046e-4b8a-bffc-ad2f728d784d",
            "region": "se-sto",
            "router_id": "a44aee96-bc0c-4a6f-bf2c-e3007444428f",
            "subnet_id": "0db5ca0e-408d-464f-9747-6b68ba477981",
            "timeouts": null
          },
          "sensitive_attributes": [],
          "private": "eyJlMmJmYjczMC1lY2FhLTExZTYtOGY4OC0zNDM2M2JjN2M0YzAiOnsiY3JlYXRlIjo2MDAwMDAwMDAwMDAsImRlbGV0ZSI6NjAwMDAwMDAwMDAwfX0=",
          "dependencies": [
            "openstack_networking_network_v2.network_7",
            "openstack_networking_subnet_v2.subnet_7"
          ]
        }
      ]
    },
    {
      "mode": "managed",
      "type": "openstack_networking_subnet_v2",
      "name": "subnet_1",
      "provider": "provider[\"registry.terraform.io/terraform-provider-openstack/openstack\"]",
      "instances": [
        {
          "schema_version": 0,
          "attributes": {
            "all_tags": [],
            "allocation_pool": [
              {
                "end": "192.168.1.254",
                "start": "192.168.1.2"
              }
            ],
            "allocation_pools": [
              {
                "end": "192.168.1.254",
                "start": "192.168.1.2"
              }
            ],
            "cidr": "192.168.1.0/24",
            "description": "",
            "dns_nameservers": [
              "8.8.8.8",
              "8.8.4.4"
            ],
            "enable_dhcp": true,
            "gateway_ip": "192.168.1.1",
            "host_routes": [],
            "id": "0eb1d191-9377-4786-bb71-c2e05a834433",
            "ip_version": 4,
            "ipv6_address_mode": "",
            "ipv6_ra_mode": "",
            "name": "DMZ",
            "network_id": "a7ac30d1-f27a-4fae-97af-9d7a09abe62e",
            "no_gateway": false,
            "prefix_length": null,
            "region": "se-sto",
            "subnetpool_id": "",
            "tags": [],
            "tenant_id": "f0148917c1014a86857e36b76cfeddfe",
            "timeouts": null,
            "value_specs": null
          },
          "sensitive_attributes": [],
          "private": "eyJlMmJmYjczMC1lY2FhLTExZTYtOGY4OC0zNDM2M2JjN2M0YzAiOnsiY3JlYXRlIjo2MDAwMDAwMDAwMDAsImRlbGV0ZSI6NjAwMDAwMDAwMDAwfX0=",
          "dependencies": [
            "openstack_networking_network_v2.network_1"
          ]
        }
      ]
    },
    {
      "mode": "managed",
      "type": "openstack_networking_subnet_v2",
      "name": "subnet_2",
      "provider": "provider[\"registry.terraform.io/terraform-provider-openstack/openstack\"]",
      "instances": [
        {
          "schema_version": 0,
          "attributes": {
            "all_tags": [],
            "allocation_pool": [
              {
                "end": "192.168.2.254",
                "start": "192.168.2.2"
              }
            ],
            "allocation_pools": [
              {
                "end": "192.168.2.254",
                "start": "192.168.2.2"
              }
            ],
            "cidr": "192.168.2.0/24",
            "description": "",
            "dns_nameservers": [
              "8.8.8.8",
              "8.8.4.4"
            ],
            "enable_dhcp": true,
            "gateway_ip": "192.168.2.1",
            "host_routes": [],
            "id": "3d4c39ab-5906-44aa-947b-2b5d030df8c0",
            "ip_version": 4,
            "ipv6_address_mode": "",
            "ipv6_ra_mode": "",
            "name": "Film/foto",
            "network_id": "1ce6b565-6c09-4a99-9b53-1b40ea12a372",
            "no_gateway": false,
            "prefix_length": null,
            "region": "se-sto",
            "subnetpool_id": "",
            "tags": [],
            "tenant_id": "f0148917c1014a86857e36b76cfeddfe",
            "timeouts": null,
            "value_specs": null
          },
          "sensitive_attributes": [],
          "private": "eyJlMmJmYjczMC1lY2FhLTExZTYtOGY4OC0zNDM2M2JjN2M0YzAiOnsiY3JlYXRlIjo2MDAwMDAwMDAwMDAsImRlbGV0ZSI6NjAwMDAwMDAwMDAwfX0=",
          "dependencies": [
            "openstack_networking_network_v2.network_2"
          ]
        }
      ]
    },
    {
      "mode": "managed",
      "type": "openstack_networking_subnet_v2",
      "name": "subnet_3",
      "provider": "provider[\"registry.terraform.io/terraform-provider-openstack/openstack\"]",
      "instances": [
        {
          "schema_version": 0,
          "attributes": {
            "all_tags": [],
            "allocation_pool": [
              {
                "end": "192.168.3.254",
                "start": "192.168.3.2"
              }
            ],
            "allocation_pools": [
              {
                "end": "192.168.3.254",
                "start": "192.168.3.2"
              }
            ],
            "cidr": "192.168.3.0/24",
            "description": "",
            "dns_nameservers": [
              "8.8.8.8",
              "8.8.4.4"
            ],
            "enable_dhcp": true,
            "gateway_ip": "192.168.3.1",
            "host_routes": [],
            "id": "314f5481-09d7-49d3-8521-6fbc0386fa3c",
            "ip_version": 4,
            "ipv6_address_mode": "",
            "ipv6_ra_mode": "",
            "name": "HR/ekonomi",
            "network_id": "2c3d1db8-0be9-4626-b476-3c69d0a598b9",
            "no_gateway": false,
            "prefix_length": null,
            "region": "se-sto",
            "subnetpool_id": "",
            "tags": [],
            "tenant_id": "f0148917c1014a86857e36b76cfeddfe",
            "timeouts": null,
            "value_specs": null
          },
          "sensitive_attributes": [],
          "private": "eyJlMmJmYjczMC1lY2FhLTExZTYtOGY4OC0zNDM2M2JjN2M0YzAiOnsiY3JlYXRlIjo2MDAwMDAwMDAwMDAsImRlbGV0ZSI6NjAwMDAwMDAwMDAwfX0=",
          "dependencies": [
            "openstack_networking_network_v2.network_3"
          ]
        }
      ]
    },
    {
      "mode": "managed",
      "type": "openstack_networking_subnet_v2",
      "name": "subnet_4",
      "provider": "provider[\"registry.terraform.io/terraform-provider-openstack/openstack\"]",
      "instances": [
        {
          "schema_version": 0,
          "attributes": {
            "all_tags": [],
            "allocation_pool": [
              {
                "end": "192.168.4.254",
                "start": "192.168.4.2"
              }
            ],
            "allocation_pools": [
              {
                "end": "192.168.4.254",
                "start": "192.168.4.2"
              }
            ],
            "cidr": "192.168.4.0/24",
            "description": "",
            "dns_nameservers": [
              "8.8.8.8",
              "8.8.4.4"
            ],
            "enable_dhcp": true,
            "gateway_ip": "192.168.4.1",
            "host_routes": [],
            "id": "cdf496b8-a801-472b-837a-44b2b8bda26c",
            "ip_version": 4,
            "ipv6_address_mode": "",
            "ipv6_ra_mode": "",
            "name": "R\u0026D",
            "network_id": "e2aab282-6b65-452e-bb16-142a003986a9",
            "no_gateway": false,
            "prefix_length": null,
            "region": "se-sto",
            "subnetpool_id": "",
            "tags": [],
            "tenant_id": "f0148917c1014a86857e36b76cfeddfe",
            "timeouts": null,
            "value_specs": null
          },
          "sensitive_attributes": [],
          "private": "eyJlMmJmYjczMC1lY2FhLTExZTYtOGY4OC0zNDM2M2JjN2M0YzAiOnsiY3JlYXRlIjo2MDAwMDAwMDAwMDAsImRlbGV0ZSI6NjAwMDAwMDAwMDAwfX0=",
          "dependencies": [
            "openstack_networking_network_v2.network_4"
          ]
        }
      ]
    },
    {
      "mode": "managed",
      "type": "openstack_networking_subnet_v2",
      "name": "subnet_5",
      "provider": "provider[\"registry.terraform.io/terraform-provider-openstack/openstack\"]",
      "instances": [
        {
          "schema_version": 0,
          "attributes": {
            "all_tags": [],
            "allocation_pool": [
              {
                "end": "192.168.5.254",
                "start": "192.168.5.2"
              }
            ],
            "allocation_pools": [
              {
                "end": "192.168.5.254",
                "start": "192.168.5.2"
              }
            ],
            "cidr": "192.168.5.0/24",
            "description": "",
            "dns_nameservers": [
              "8.8.8.8",
              "8.8.4.4"
            ],
            "enable_dhcp": true,
            "gateway_ip": "192.168.5.1",
            "host_routes": [],
            "id": "051a6a15-6d9c-4031-92e3-fa44abd2fa5a",
            "ip_version": 4,
            "ipv6_address_mode": "",
            "ipv6_ra_mode": "",
            "name": "IT-admin",
            "network_id": "99fc3f58-905e-4e0a-bcce-2d9b5d2d82d7",
            "no_gateway": false,
            "prefix_length": null,
            "region": "se-sto",
            "subnetpool_id": "",
            "tags": [],
            "tenant_id": "f0148917c1014a86857e36b76cfeddfe",
            "timeouts": null,
            "value_specs": null
          },
          "sensitive_attributes": [],
          "private": "eyJlMmJmYjczMC1lY2FhLTExZTYtOGY4OC0zNDM2M2JjN2M0YzAiOnsiY3JlYXRlIjo2MDAwMDAwMDAwMDAsImRlbGV0ZSI6NjAwMDAwMDAwMDAwfX0=",
          "dependencies": [
            "openstack_networking_network_v2.network_5"
          ]
        }
      ]
    },
    {
      "mode": "managed",
      "type": "openstack_networking_subnet_v2",
      "name": "subnet_6",
      "provider": "provider[\"registry.terraform.io/terraform-provider-openstack/openstack\"]",
      "instances": [
        {
          "schema_version": 0,
          "attributes": {
            "all_tags": [],
            "allocation_pool": [
              {
                "end": "192.168.6.254",
                "start": "192.168.6.2"
              }
            ],
            "allocation_pools": [
              {
                "end": "192.168.6.254",
                "start": "192.168.6.2"
              }
            ],
            "cidr": "192.168.6.0/24",
            "description": "",
            "dns_nameservers": [
              "8.8.8.8",
              "8.8.4.4"
            ],
            "enable_dhcp": true,
            "gateway_ip": "192.168.6.1",
            "host_routes": [],
            "id": "c8c9f8f4-c9e1-42ec-bde9-012acb50f69b",
            "ip_version": 4,
            "ipv6_address_mode": "",
            "ipv6_ra_mode": "",
            "name": "SAN 1",
            "network_id": "add8b0fd-9083-4d12-adbe-1d6bc8ccb667",
            "no_gateway": false,
            "prefix_length": null,
            "region": "se-sto",
            "subnetpool_id": "",
            "tags": [],
            "tenant_id": "f0148917c1014a86857e36b76cfeddfe",
            "timeouts": null,
            "value_specs": null
          },
          "sensitive_attributes": [],
          "private": "eyJlMmJmYjczMC1lY2FhLTExZTYtOGY4OC0zNDM2M2JjN2M0YzAiOnsiY3JlYXRlIjo2MDAwMDAwMDAwMDAsImRlbGV0ZSI6NjAwMDAwMDAwMDAwfX0=",
          "dependencies": [
            "openstack_networking_network_v2.network_6"
          ]
        }
      ]
    },
    {
      "mode": "managed",
      "type": "openstack_networking_subnet_v2",
      "name": "subnet_7",
      "provider": "provider[\"registry.terraform.io/terraform-provider-openstack/openstack\"]",
      "instances": [
        {
          "schema_version": 0,
          "attributes": {
            "all_tags": [],
            "allocation_pool": [
              {
                "end": "192.168.7.254",
                "start": "192.168.7.2"
              }
            ],
            "allocation_pools": [
              {
                "end": "192.168.7.254",
                "start": "192.168.7.2"
              }
            ],
            "cidr": "192.168.7.0/24",
            "description": "",
            "dns_nameservers": [
              "8.8.8.8",
              "8.8.4.4"
            ],
            "enable_dhcp": true,
            "gateway_ip": "192.168.7.1",
            "host_routes": [],
            "id": "0db5ca0e-408d-464f-9747-6b68ba477981",
            "ip_version": 4,
            "ipv6_address_mode": "",
            "ipv6_ra_mode": "",
            "name": "SAN 2",
            "network_id": "cbad6aa8-8622-446d-8889-f7349c0c239d",
            "no_gateway": false,
            "prefix_length": null,
            "region": "se-sto",
            "subnetpool_id": "",
            "tags": [],
            "tenant_id": "f0148917c1014a86857e36b76cfeddfe",
            "timeouts": null,
            "value_specs": null
          },
          "sensitive_attributes": [],
          "private": "eyJlMmJmYjczMC1lY2FhLTExZTYtOGY4OC0zNDM2M2JjN2M0YzAiOnsiY3JlYXRlIjo2MDAwMDAwMDAwMDAsImRlbGV0ZSI6NjAwMDAwMDAwMDAwfX0=",
          "dependencies": [
            "openstack_networking_network_v2.network_7"
          ]
        }
      ]
    }
  ]
}
